Microsoft Visual Studio Solution File, Format Version 11.00
# Visual Studio 2008

Project("{A63DB247-AA63-6666-A63F-379513386609}") = "VRealPrototype", "Assembly-CSharp-firstpass.csproj", "{EE2CCED1-6412-C477-DD7E-3D2E7AFCD088}"
EndProject
Project("{A63DB247-AA63-6666-A63F-379513386609}") = "VRealPrototype", "Assembly-CSharp.csproj", "{9F7821CE-D82C-28F4-EEF6-F924B95E0FB8}"
EndProject
Project("{A63DB247-AA63-6666-A63F-379513386609}") = "VRealPrototype", "Assembly-CSharp-Editor.csproj", "{41013B06-3965-884A-63D8-4514EA2EB2F6}"
EndProject
Global
	GlobalSection(SolutionConfigurationPlatforms) = preSolution
		Debug|Any CPU = Debug|Any CPU
		Release|Any CPU = Release|Any CPU
	EndGlobalSection
	GlobalSection(ProjectConfigurationPlatforms) = postSolution
		{EE2CCED1-6412-C477-DD7E-3D2E7AFCD088}.Debug|Any CPU.ActiveCfg = Debug|Any CPU
		{EE2CCED1-6412-C477-DD7E-3D2E7AFCD088}.Debug|Any CPU.Build.0 = Debug|Any CPU
		{EE2CCED1-6412-C477-DD7E-3D2E7AFCD088}.Release|Any CPU.ActiveCfg = Release|Any CPU
		{EE2CCED1-6412-C477-DD7E-3D2E7AFCD088}.Release|Any CPU.Build.0 = Release|Any CPU
		{9F7821CE-D82C-28F4-EEF6-F924B95E0FB8}.Debug|Any CPU.ActiveCfg = Debug|Any CPU
		{9F7821CE-D82C-28F4-EEF6-F924B95E0FB8}.Debug|Any CPU.Build.0 = Debug|Any CPU
		{9F7821CE-D82C-28F4-EEF6-F924B95E0FB8}.Release|Any CPU.ActiveCfg = Release|Any CPU
		{9F7821CE-D82C-28F4-EEF6-F924B95E0FB8}.Release|Any CPU.Build.0 = Release|Any CPU
		{41013B06-3965-884A-63D8-4514EA2EB2F6}.Debug|Any CPU.ActiveCfg = Debug|Any CPU
		{41013B06-3965-884A-63D8-4514EA2EB2F6}.Debug|Any CPU.Build.0 = Debug|Any CPU
		{41013B06-3965-884A-63D8-4514EA2EB2F6}.Release|Any CPU.ActiveCfg = Release|Any CPU
		{41013B06-3965-884A-63D8-4514EA2EB2F6}.Release|Any CPU.Build.0 = Release|Any CPU
	EndGlobalSection
	GlobalSection(SolutionProperties) = preSolution
		HideSolutionNode = FALSE
	EndGlobalSection
	GlobalSection(MonoDevelopProperties) = preSolution
		StartupItem = Assembly-CSharp.csproj
	EndGlobalSection
EndGlobal
